
Microsoft Visual Studio Solution File, Format Version 12.00
# Visual Studio 15
VisualStudioVersion = 15.0.26430.16
MinimumVisualStudioVersion = 10.0.40219.1
Project("{FAE04EC0-301F-11D3-BF4B-00C04F79EFBC}") = "Spyrosoft.Examples.SimpleApi", "Spyrosoft.Examples.SimpleApi\Spyrosoft.Examples.SimpleApi.csproj", "{FF72D0F0-0112-4B14-A2AC-D8D58A157709}"
EndProject
Global
	GlobalSection(SolutionConfigurationPlatforms) = preSolution
		Debug|Any CPU = Debug|Any CPU
		Release|Any CPU = Release|Any CPU
	EndGlobalSection
	GlobalSection(ProjectConfigurationPlatforms) = postSolution
		{FF72D0F0-0112-4B14-A2AC-D8D58A157709}.Debug|Any CPU.ActiveCfg = Debug|Any CPU
		{FF72D0F0-0112-4B14-A2AC-D8D58A157709}.Debug|Any CPU.Build.0 = Debug|Any CPU
		{FF72D0F0-0112-4B14-A2AC-D8D58A157709}.Release|Any CPU.ActiveCfg = Release|Any CPU
		{FF72D0F0-0112-4B14-A2AC-D8D58A157709}.Release|Any CPU.Build.0 = Release|Any CPU
	EndGlobalSection
	GlobalSection(SolutionProperties) = preSolution
		HideSolutionNode = FALSE
	EndGlobalSection
EndGlobal
